
Microsoft Visual Studio Solution File, Format Version 12.00
# Visual Studio 2013
VisualStudioVersion = 12.0.40629.0
MinimumVisualStudioVersion = 10.0.40219.1
Project("{FAE04EC0-301F-11D3-BF4B-00C04F79EFBC}") = "PluginDemo.Droid", "PluginDemo\PluginDemo.Droid\PluginDemo.Droid.csproj", "{61001BD6-FF9A-4F72-ACC5-DBC980C5CB20}"
EndProject
Project("{FAE04EC0-301F-11D3-BF4B-00C04F79EFBC}") = "PluginDemo.iOS", "PluginDemo\PluginDemo.iOS\PluginDemo.iOS.csproj", "{11EADB36-376F-48D4-A3D7-0A0BD06944F7}"
EndProject
Project("{FAE04EC0-301F-11D3-BF4B-00C04F79EFBC}") = "PluginDemo.WinPhone", "PluginDemo\PluginDemo.WinPhone\PluginDemo.WinPhone.csproj", "{784944C6-53AF-488C-81EA-55261E718FDE}"
EndProject
Project("{FAE04EC0-301F-11D3-BF4B-00C04F79EFBC}") = "PluginDemo.Windows", "PluginDemo\PluginDemo.Windows\PluginDemo.Windows.csproj", "{659BA92B-6F72-4BB5-BCD2-C58EA17A9843}"
EndProject
Project("{FAE04EC0-301F-11D3-BF4B-00C04F79EFBC}") = "PluginDemo", "PluginDemo\PluginDemo\PluginDemo.csproj", "{C6788B45-F6B4-44AE-9F75-D339DA904615}"
EndProject
Global
	GlobalSection(SolutionConfigurationPlatforms) = preSolution
		Ad-Hoc|Any CPU = Ad-Hoc|Any CPU
		Ad-Hoc|ARM = Ad-Hoc|ARM
		Ad-Hoc|iPhone = Ad-Hoc|iPhone
		Ad-Hoc|iPhoneSimulator = Ad-Hoc|iPhoneSimulator
		Ad-Hoc|Mixed Platforms = Ad-Hoc|Mixed Platforms
		Ad-Hoc|x64 = Ad-Hoc|x64
		Ad-Hoc|x86 = Ad-Hoc|x86
		AppStore|Any CPU = AppStore|Any CPU
		AppStore|ARM = AppStore|ARM
		AppStore|iPhone = AppStore|iPhone
		AppStore|iPhoneSimulator = AppStore|iPhoneSimulator
		AppStore|Mixed Platforms = AppStore|Mixed Platforms
		AppStore|x64 = AppStore|x64
		AppStore|x86 = AppStore|x86
		Debug|Any CPU = Debug|Any CPU
		Debug|ARM = Debug|ARM
		Debug|iPhone = Debug|iPhone
		Debug|iPhoneSimulator = Debug|iPhoneSimulator
		Debug|Mixed Platforms = Debug|Mixed Platforms
		Debug|x64 = Debug|x64
		Debug|x86 = Debug|x86
		Release|Any CPU = Release|Any CPU
		Release|ARM = Release|ARM
		Release|iPhone = Release|iPhone
		Release|iPhoneSimulator = Release|iPhoneSimulator
		Release|Mixed Platforms = Release|Mixed Platforms
		Release|x64 = Release|x64
		Release|x86 = Release|x86
	EndGlobalSection
	GlobalSection(ProjectConfigurationPlatforms) = postSolution
		{61001BD6-FF9A-4F72-ACC5-DBC980C5CB20}.Ad-Hoc|Any CPU.ActiveCfg = Release|Any CPU
		{61001BD6-FF9A-4F72-ACC5-DBC980C5CB20}.Ad-Hoc|Any CPU.Build.0 = Release|Any CPU
		{61001BD6-FF9A-4F72-ACC5-DBC980C5CB20}.Ad-Hoc|Any CPU.Deploy.0 = Release|Any CPU
		{61001BD6-FF9A-4F72-ACC5-DBC980C5CB20}.Ad-Hoc|ARM.ActiveCfg = Release|Any CPU
		{61001BD6-FF9A-4F72-ACC5-DBC980C5CB20}.Ad-Hoc|iPhone.ActiveCfg = Release|Any CPU
		{61001BD6-FF9A-4F72-ACC5-DBC980C5CB20}.Ad-Hoc|iPhoneSimulator.ActiveCfg = Release|Any CPU
		{61001BD6-FF9A-4F72-ACC5-DBC980C5CB20}.Ad-Hoc|Mixed Platforms.ActiveCfg = Release|Any CPU
		{61001BD6-FF9A-4F72-ACC5-DBC980C5CB20}.Ad-Hoc|Mixed Platforms.Build.0 = Release|Any CPU
		{61001BD6-FF9A-4F72-ACC5-DBC980C5CB20}.Ad-Hoc|Mixed Platforms.Deploy.0 = Release|Any CPU
		{61001BD6-FF9A-4F72-ACC5-DBC980C5CB20}.Ad-Hoc|x64.ActiveCfg = Release|Any CPU
		{61001BD6-FF9A-4F72-ACC5-DBC980C5CB20}.Ad-Hoc|x86.ActiveCfg = Release|Any CPU
		{61001BD6-FF9A-4F72-ACC5-DBC980C5CB20}.AppStore|Any CPU.ActiveCfg = Release|Any CPU
		{61001BD6-FF9A-4F72-ACC5-DBC980C5CB20}.AppStore|Any CPU.Build.0 = Release|Any CPU
		{61001BD6-FF9A-4F72-ACC5-DBC980C5CB20}.AppStore|Any CPU.Deploy.0 = Release|Any CPU
		{61001BD6-FF9A-4F72-ACC5-DBC980C5CB20}.AppStore|ARM.ActiveCfg = Release|Any CPU
		{61001BD6-FF9A-4F72-ACC5-DBC980C5CB20}.AppStore|iPhone.ActiveCfg = Release|Any CPU
		{61001BD6-FF9A-4F72-ACC5-DBC980C5CB20}.AppStore|iPhoneSimulator.ActiveCfg = Release|Any CPU
		{61001BD6-FF9A-4F72-ACC5-DBC980C5CB20}.AppStore|Mixed Platforms.ActiveCfg = Release|Any CPU
		{61001BD6-FF9A-4F72-ACC5-DBC980C5CB20}.AppStore|Mixed Platforms.Build.0 = Release|Any CPU
		{61001BD6-FF9A-4F72-ACC5-DBC980C5CB20}.AppStore|Mixed Platforms.Deploy.0 = Release|Any CPU
		{61001BD6-FF9A-4F72-ACC5-DBC980C5CB20}.AppStore|x64.ActiveCfg = Release|Any CPU
		{61001BD6-FF9A-4F72-ACC5-DBC980C5CB20}.AppStore|x86.ActiveCfg = Release|Any CPU
		{61001BD6-FF9A-4F72-ACC5-DBC980C5CB20}.Debug|Any CPU.ActiveCfg = Debug|Any CPU
		{61001BD6-FF9A-4F72-ACC5-DBC980C5CB20}.Debug|Any CPU.Build.0 = Debug|Any CPU
		{61001BD6-FF9A-4F72-ACC5-DBC980C5CB20}.Debug|Any CPU.Deploy.0 = Debug|Any CPU
		{61001BD6-FF9A-4F72-ACC5-DBC980C5CB20}.Debug|ARM.ActiveCfg = Debug|Any CPU
		{61001BD6-FF9A-4F72-ACC5-DBC980C5CB20}.Debug|iPhone.ActiveCfg = Debug|Any CPU
		{61001BD6-FF9A-4F72-ACC5-DBC980C5CB20}.Debug|iPhoneSimulator.ActiveCfg = Debug|Any CPU
		{61001BD6-FF9A-4F72-ACC5-DBC980C5CB20}.Debug|Mixed Platforms.ActiveCfg = Debug|Any CPU
		{61001BD6-FF9A-4F72-ACC5-DBC980C5CB20}.Debug|Mixed Platforms.Build.0 = Debug|Any CPU
		{61001BD6-FF9A-4F72-ACC5-DBC980C5CB20}.Debug|Mixed Platforms.Deploy.0 = Debug|Any CPU
		{61001BD6-FF9A-4F72-ACC5-DBC980C5CB20}.Debug|x64.ActiveCfg = Debug|Any CPU
		{61001BD6-FF9A-4F72-ACC5-DBC980C5CB20}.Debug|x86.ActiveCfg = Debug|Any CPU
		{61001BD6-FF9A-4F72-ACC5-DBC980C5CB20}.Release|Any CPU.ActiveCfg = Release|Any CPU
		{61001BD6-FF9A-4F72-ACC5-DBC980C5CB20}.Release|Any CPU.Build.0 = Release|Any CPU
		{61001BD6-FF9A-4F72-ACC5-DBC980C5CB20}.Release|Any CPU.Deploy.0 = Release|Any CPU
		{61001BD6-FF9A-4F72-ACC5-DBC980C5CB20}.Release|ARM.ActiveCfg = Release|Any CPU
		{61001BD6-FF9A-4F72-ACC5-DBC980C5CB20}.Release|iPhone.ActiveCfg = Release|Any CPU
		{61001BD6-FF9A-4F72-ACC5-DBC980C5CB20}.Release|iPhoneSimulator.ActiveCfg = Release|Any CPU
		{61001BD6-FF9A-4F72-ACC5-DBC980C5CB20}.Release|Mixed Platforms.ActiveCfg = Release|Any CPU
		{61001BD6-FF9A-4F72-ACC5-DBC980C5CB20}.Release|Mixed Platforms.Build.0 = Release|Any CPU
		{61001BD6-FF9A-4F72-ACC5-DBC980C5CB20}.Release|Mixed Platforms.Deploy.0 = Release|Any CPU
		{61001BD6-FF9A-4F72-ACC5-DBC980C5CB20}.Release|x64.ActiveCfg = Release|Any CPU
		{61001BD6-FF9A-4F72-ACC5-DBC980C5CB20}.Release|x86.ActiveCfg = Release|Any CPU
		{11EADB36-376F-48D4-A3D7-0A0BD06944F7}.Ad-Hoc|Any CPU.ActiveCfg = Ad-Hoc|iPhone
		{11EADB36-376F-48D4-A3D7-0A0BD06944F7}.Ad-Hoc|ARM.ActiveCfg = Ad-Hoc|iPhone
		{11EADB36-376F-48D4-A3D7-0A0BD06944F7}.Ad-Hoc|iPhone.ActiveCfg = Ad-Hoc|iPhone
		{11EADB36-376F-48D4-A3D7-0A0BD06944F7}.Ad-Hoc|iPhone.Build.0 = Ad-Hoc|iPhone
		{11EADB36-376F-48D4-A3D7-0A0BD06944F7}.Ad-Hoc|iPhoneSimulator.ActiveCfg = Ad-Hoc|iPhoneSimulator
		{11EADB36-376F-48D4-A3D7-0A0BD06944F7}.Ad-Hoc|iPhoneSimulator.Build.0 = Ad-Hoc|iPhoneSimulator
		{11EADB36-376F-48D4-A3D7-0A0BD06944F7}.Ad-Hoc|Mixed Platforms.ActiveCfg = Ad-Hoc|iPhone
		{11EADB36-376F-48D4-A3D7-0A0BD06944F7}.Ad-Hoc|Mixed Platforms.Build.0 = Ad-Hoc|iPhone
		{11EADB36-376F-48D4-A3D7-0A0BD06944F7}.Ad-Hoc|x64.ActiveCfg = Ad-Hoc|iPhone
		{11EADB36-376F-48D4-A3D7-0A0BD06944F7}.Ad-Hoc|x86.ActiveCfg = Ad-Hoc|iPhone
		{11EADB36-376F-48D4-A3D7-0A0BD06944F7}.AppStore|Any CPU.ActiveCfg = AppStore|iPhone
		{11EADB36-376F-48D4-A3D7-0A0BD06944F7}.AppStore|ARM.ActiveCfg = AppStore|iPhone
		{11EADB36-376F-48D4-A3D7-0A0BD06944F7}.AppStore|iPhone.ActiveCfg = AppStore|iPhone
		{11EADB36-376F-48D4-A3D7-0A0BD06944F7}.AppStore|iPhone.Build.0 = AppStore|iPhone
		{11EADB36-376F-48D4-A3D7-0A0BD06944F7}.AppStore|iPhoneSimulator.ActiveCfg = AppStore|iPhoneSimulator
		{11EADB36-376F-48D4-A3D7-0A0BD06944F7}.AppStore|iPhoneSimulator.Build.0 = AppStore|iPhoneSimulator
		{11EADB36-376F-48D4-A3D7-0A0BD06944F7}.AppStore|Mixed Platforms.ActiveCfg = AppStore|iPhone
		{11EADB36-376F-48D4-A3D7-0A0BD06944F7}.AppStore|Mixed Platforms.Build.0 = AppStore|iPhone
		{11EADB36-376F-48D4-A3D7-0A0BD06944F7}.AppStore|x64.ActiveCfg = AppStore|iPhone
		{11EADB36-376F-48D4-A3D7-0A0BD06944F7}.AppStore|x86.ActiveCfg = AppStore|iPhone
		{11EADB36-376F-48D4-A3D7-0A0BD06944F7}.Debug|Any CPU.ActiveCfg = Debug|iPhone
		{11EADB36-376F-48D4-A3D7-0A0BD06944F7}.Debug|ARM.ActiveCfg = Debug|iPhone
		{11EADB36-376F-48D4-A3D7-0A0BD06944F7}.Debug|iPhone.ActiveCfg = Debug|iPhone
		{11EADB36-376F-48D4-A3D7-0A0BD06944F7}.Debug|iPhone.Build.0 = Debug|iPhone
		{11EADB36-376F-48D4-A3D7-0A0BD06944F7}.Debug|iPhoneSimulator.ActiveCfg = Debug|iPhoneSimulator
		{11EADB36-376F-48D4-A3D7-0A0BD06944F7}.Debug|iPhoneSimulator.Build.0 = Debug|iPhoneSimulator
		{11EADB36-376F-48D4-A3D7-0A0BD06944F7}.Debug|Mixed Platforms.ActiveCfg = Debug|iPhone
		{11EADB36-376F-48D4-A3D7-0A0BD06944F7}.Debug|Mixed Platforms.Build.0 = Debug|iPhone
		{11EADB36-376F-48D4-A3D7-0A0BD06944F7}.Debug|x64.ActiveCfg = Debug|iPhone
		{11EADB36-376F-48D4-A3D7-0A0BD06944F7}.Debug|x86.ActiveCfg = Debug|iPhone
		{11EADB36-376F-48D4-A3D7-0A0BD06944F7}.Release|Any CPU.ActiveCfg = Release|iPhone
		{11EADB36-376F-48D4-A3D7-0A0BD06944F7}.Release|ARM.ActiveCfg = Release|iPhone
		{11EADB36-376F-48D4-A3D7-0A0BD06944F7}.Release|iPhone.ActiveCfg = Release|iPhone
		{11EADB36-376F-48D4-A3D7-0A0BD06944F7}.Release|iPhone.Build.0 = Release|iPhone
		{11EADB36-376F-48D4-A3D7-0A0BD06944F7}.Release|iPhoneSimulator.ActiveCfg = Release|iPhoneSimulator
		{11EADB36-376F-48D4-A3D7-0A0BD06944F7}.Release|iPhoneSimulator.Build.0 = Release|iPhoneSimulator
		{11EADB36-376F-48D4-A3D7-0A0BD06944F7}.Release|Mixed Platforms.ActiveCfg = Release|iPhone
		{11EADB36-376F-48D4-A3D7-0A0BD06944F7}.Release|Mixed Platforms.Build.0 = Release|iPhone
		{11EADB36-376F-48D4-A3D7-0A0BD06944F7}.Release|x64.ActiveCfg = Release|iPhone
		{11EADB36-376F-48D4-A3D7-0A0BD06944F7}.Release|x86.ActiveCfg = Release|iPhone
		{784944C6-53AF-488C-81EA-55261E718FDE}.Ad-Hoc|Any CPU.ActiveCfg = Release|Any CPU
		{784944C6-53AF-488C-81EA-55261E718FDE}.Ad-Hoc|Any CPU.Build.0 = Release|Any CPU
		{784944C6-53AF-488C-81EA-55261E718FDE}.Ad-Hoc|Any CPU.Deploy.0 = Release|Any CPU
		{784944C6-53AF-488C-81EA-55261E718FDE}.Ad-Hoc|ARM.ActiveCfg = Release|ARM
		{784944C6-53AF-488C-81EA-55261E718FDE}.Ad-Hoc|ARM.Build.0 = Release|ARM
		{784944C6-53AF-488C-81EA-55261E718FDE}.Ad-Hoc|ARM.Deploy.0 = Release|ARM
		{784944C6-53AF-488C-81EA-55261E718FDE}.Ad-Hoc|iPhone.ActiveCfg = Release|Any CPU
		{784944C6-53AF-488C-81EA-55261E718FDE}.Ad-Hoc|iPhoneSimulator.ActiveCfg = Release|Any CPU
		{784944C6-53AF-488C-81EA-55261E718FDE}.Ad-Hoc|Mixed Platforms.ActiveCfg = Release|x86
		{784944C6-53AF-488C-81EA-55261E718FDE}.Ad-Hoc|Mixed Platforms.Build.0 = Release|x86
		{784944C6-53AF-488C-81EA-55261E718FDE}.Ad-Hoc|Mixed Platforms.Deploy.0 = Release|x86
		{784944C6-53AF-488C-81EA-55261E718FDE}.Ad-Hoc|x64.ActiveCfg = Release|Any CPU
		{784944C6-53AF-488C-81EA-55261E718FDE}.Ad-Hoc|x86.ActiveCfg = Release|x86
		{784944C6-53AF-488C-81EA-55261E718FDE}.Ad-Hoc|x86.Build.0 = Release|x86
		{784944C6-53AF-488C-81EA-55261E718FDE}.Ad-Hoc|x86.Deploy.0 = Release|x86
		{784944C6-53AF-488C-81EA-55261E718FDE}.AppStore|Any CPU.ActiveCfg = Release|Any CPU
		{784944C6-53AF-488C-81EA-55261E718FDE}.AppStore|Any CPU.Build.0 = Release|Any CPU
		{784944C6-53AF-488C-81EA-55261E718FDE}.AppStore|Any CPU.Deploy.0 = Release|Any CPU
		{784944C6-53AF-488C-81EA-55261E718FDE}.AppStore|ARM.ActiveCfg = Release|ARM
		{784944C6-53AF-488C-81EA-55261E718FDE}.AppStore|ARM.Build.0 = Release|ARM
		{784944C6-53AF-488C-81EA-55261E718FDE}.AppStore|ARM.Deploy.0 = Release|ARM
		{784944C6-53AF-488C-81EA-55261E718FDE}.AppStore|iPhone.ActiveCfg = Release|Any CPU
		{784944C6-53AF-488C-81EA-55261E718FDE}.AppStore|iPhoneSimulator.ActiveCfg = Release|Any CPU
		{784944C6-53AF-488C-81EA-55261E718FDE}.AppStore|Mixed Platforms.ActiveCfg = Release|x86
		{784944C6-53AF-488C-81EA-55261E718FDE}.AppStore|Mixed Platforms.Build.0 = Release|x86
		{784944C6-53AF-488C-81EA-55261E718FDE}.AppStore|Mixed Platforms.Deploy.0 = Release|x86
		{784944C6-53AF-488C-81EA-55261E718FDE}.AppStore|x64.ActiveCfg = Release|Any CPU
		{784944C6-53AF-488C-81EA-55261E718FDE}.AppStore|x86.ActiveCfg = Release|x86
		{784944C6-53AF-488C-81EA-55261E718FDE}.AppStore|x86.Build.0 = Release|x86
		{784944C6-53AF-488C-81EA-55261E718FDE}.AppStore|x86.Deploy.0 = Release|x86
		{784944C6-53AF-488C-81EA-55261E718FDE}.Debug|Any CPU.ActiveCfg = Debug|Any CPU
		{784944C6-53AF-488C-81EA-55261E718FDE}.Debug|Any CPU.Build.0 = Debug|Any CPU
		{784944C6-53AF-488C-81EA-55261E718FDE}.Debug|Any CPU.Deploy.0 = Debug|Any CPU
		{784944C6-53AF-488C-81EA-55261E718FDE}.Debug|ARM.ActiveCfg = Debug|ARM
		{784944C6-53AF-488C-81EA-55261E718FDE}.Debug|ARM.Build.0 = Debug|ARM
		{784944C6-53AF-488C-81EA-55261E718FDE}.Debug|ARM.Deploy.0 = Debug|ARM
		{784944C6-53AF-488C-81EA-55261E718FDE}.Debug|iPhone.ActiveCfg = Debug|Any CPU
		{784944C6-53AF-488C-81EA-55261E718FDE}.Debug|iPhoneSimulator.ActiveCfg = Debug|Any CPU
		{784944C6-53AF-488C-81EA-55261E718FDE}.Debug|Mixed Platforms.ActiveCfg = Debug|x86
		{784944C6-53AF-488C-81EA-55261E718FDE}.Debug|Mixed Platforms.Build.0 = Debug|x86
		{784944C6-53AF-488C-81EA-55261E718FDE}.Debug|Mixed Platforms.Deploy.0 = Debug|x86
		{784944C6-53AF-488C-81EA-55261E718FDE}.Debug|x64.ActiveCfg = Debug|Any CPU
		{784944C6-53AF-488C-81EA-55261E718FDE}.Debug|x86.ActiveCfg = Debug|x86
		{784944C6-53AF-488C-81EA-55261E718FDE}.Debug|x86.Build.0 = Debug|x86
		{784944C6-53AF-488C-81EA-55261E718FDE}.Debug|x86.Deploy.0 = Debug|x86
		{784944C6-53AF-488C-81EA-55261E718FDE}.Release|Any CPU.ActiveCfg = Release|Any CPU
		{784944C6-53AF-488C-81EA-55261E718FDE}.Release|Any CPU.Build.0 = Release|Any CPU
		{784944C6-53AF-488C-81EA-55261E718FDE}.Release|Any CPU.Deploy.0 = Release|Any CPU
		{784944C6-53AF-488C-81EA-55261E718FDE}.Release|ARM.ActiveCfg = Release|ARM
		{784944C6-53AF-488C-81EA-55261E718FDE}.Release|ARM.Build.0 = Release|ARM
		{784944C6-53AF-488C-81EA-55261E718FDE}.Release|ARM.Deploy.0 = Release|ARM
		{784944C6-53AF-488C-81EA-55261E718FDE}.Release|iPhone.ActiveCfg = Release|Any CPU
		{784944C6-53AF-488C-81EA-55261E718FDE}.Release|iPhoneSimulator.ActiveCfg = Release|Any CPU
		{784944C6-53AF-488C-81EA-55261E718FDE}.Release|Mixed Platforms.ActiveCfg = Release|x86
		{784944C6-53AF-488C-81EA-55261E718FDE}.Release|Mixed Platforms.Build.0 = Release|x86
		{784944C6-53AF-488C-81EA-55261E718FDE}.Release|Mixed Platforms.Deploy.0 = Release|x86
		{784944C6-53AF-488C-81EA-55261E718FDE}.Release|x64.ActiveCfg = Release|Any CPU
		{784944C6-53AF-488C-81EA-55261E718FDE}.Release|x86.ActiveCfg = Release|x86
		{784944C6-53AF-488C-81EA-55261E718FDE}.Release|x86.Build.0 = Release|x86
		{784944C6-53AF-488C-81EA-55261E718FDE}.Release|x86.Deploy.0 = Release|x86
		{659BA92B-6F72-4BB5-BCD2-C58EA17A9843}.Ad-Hoc|Any CPU.ActiveCfg = Release|Any CPU
		{659BA92B-6F72-4BB5-BCD2-C58EA17A9843}.Ad-Hoc|Any CPU.Build.0 = Release|Any CPU
		{659BA92B-6F72-4BB5-BCD2-C58EA17A9843}.Ad-Hoc|Any CPU.Deploy.0 = Release|Any CPU
		{659BA92B-6F72-4BB5-BCD2-C58EA17A9843}.Ad-Hoc|ARM.ActiveCfg = Release|ARM
		{659BA92B-6F72-4BB5-BCD2-C58EA17A9843}.Ad-Hoc|ARM.Build.0 = Release|ARM
		{659BA92B-6F72-4BB5-BCD2-C58EA17A9843}.Ad-Hoc|ARM.Deploy.0 = Release|ARM
		{659BA92B-6F72-4BB5-BCD2-C58EA17A9843}.Ad-Hoc|iPhone.ActiveCfg = Release|Any CPU
		{659BA92B-6F72-4BB5-BCD2-C58EA17A9843}.Ad-Hoc|iPhoneSimulator.ActiveCfg = Release|Any CPU
		{659BA92B-6F72-4BB5-BCD2-C58EA17A9843}.Ad-Hoc|Mixed Platforms.ActiveCfg = Release|x86
		{659BA92B-6F72-4BB5-BCD2-C58EA17A9843}.Ad-Hoc|Mixed Platforms.Build.0 = Release|x86
		{659BA92B-6F72-4BB5-BCD2-C58EA17A9843}.Ad-Hoc|Mixed Platforms.Deploy.0 = Release|x86
		{659BA92B-6F72-4BB5-BCD2-C58EA17A9843}.Ad-Hoc|x64.ActiveCfg = Release|x64
		{659BA92B-6F72-4BB5-BCD2-C58EA17A9843}.Ad-Hoc|x64.Build.0 = Release|x64
		{659BA92B-6F72-4BB5-BCD2-C58EA17A9843}.Ad-Hoc|x64.Deploy.0 = Release|x64
		{659BA92B-6F72-4BB5-BCD2-C58EA17A9843}.Ad-Hoc|x86.ActiveCfg = Release|x86
		{659BA92B-6F72-4BB5-BCD2-C58EA17A9843}.Ad-Hoc|x86.Build.0 = Release|x86
		{659BA92B-6F72-4BB5-BCD2-C58EA17A9843}.Ad-Hoc|x86.Deploy.0 = Release|x86
		{659BA92B-6F72-4BB5-BCD2-C58EA17A9843}.AppStore|Any CPU.ActiveCfg = Release|Any CPU
		{659BA92B-6F72-4BB5-BCD2-C58EA17A9843}.AppStore|Any CPU.Build.0 = Release|Any CPU
		{659BA92B-6F72-4BB5-BCD2-C58EA17A9843}.AppStore|Any CPU.Deploy.0 = Release|Any CPU
		{659BA92B-6F72-4BB5-BCD2-C58EA17A9843}.AppStore|ARM.ActiveCfg = Release|ARM
		{659BA92B-6F72-4BB5-BCD2-C58EA17A9843}.AppStore|ARM.Build.0 = Release|ARM
		{659BA92B-6F72-4BB5-BCD2-C58EA17A9843}.AppStore|ARM.Deploy.0 = Release|ARM
		{659BA92B-6F72-4BB5-BCD2-C58EA17A9843}.AppStore|iPhone.ActiveCfg = Release|Any CPU
		{659BA92B-6F72-4BB5-BCD2-C58EA17A9843}.AppStore|iPhoneSimulator.ActiveCfg = Release|Any CPU
		{659BA92B-6F72-4BB5-BCD2-C58EA17A9843}.AppStore|Mixed Platforms.ActiveCfg = Release|x86
		{659BA92B-6F72-4BB5-BCD2-C58EA17A9843}.AppStore|Mixed Platforms.Build.0 = Release|x86
		{659BA92B-6F72-4BB5-BCD2-C58EA17A9843}.AppStore|Mixed Platforms.Deploy.0 = Release|x86
		{659BA92B-6F72-4BB5-BCD2-C58EA17A9843}.AppStore|x64.ActiveCfg = Release|x64
		{659BA92B-6F72-4BB5-BCD2-C58EA17A9843}.AppStore|x64.Build.0 = Release|x64
		{659BA92B-6F72-4BB5-BCD2-C58EA17A9843}.AppStore|x64.Deploy.0 = Release|x64
		{659BA92B-6F72-4BB5-BCD2-C58EA17A9843}.AppStore|x86.ActiveCfg = Release|x86
		{659BA92B-6F72-4BB5-BCD2-C58EA17A9843}.AppStore|x86.Build.0 = Release|x86
		{659BA92B-6F72-4BB5-BCD2-C58EA17A9843}.AppStore|x86.Deploy.0 = Release|x86
		{659BA92B-6F72-4BB5-BCD2-C58EA17A9843}.Debug|Any CPU.ActiveCfg = Debug|Any CPU
		{659BA92B-6F72-4BB5-BCD2-C58EA17A9843}.Debug|Any CPU.Build.0 = Debug|Any CPU
		{659BA92B-6F72-4BB5-BCD2-C58EA17A9843}.Debug|Any CPU.Deploy.0 = Debug|Any CPU
		{659BA92B-6F72-4BB5-BCD2-C58EA17A9843}.Debug|ARM.ActiveCfg = Debug|ARM
		{659BA92B-6F72-4BB5-BCD2-C58EA17A9843}.Debug|ARM.Build.0 = Debug|ARM
		{659BA92B-6F72-4BB5-BCD2-C58EA17A9843}.Debug|ARM.Deploy.0 = Debug|ARM
		{659BA92B-6F72-4BB5-BCD2-C58EA17A9843}.Debug|iPhone.ActiveCfg = Debug|Any CPU
		{659BA92B-6F72-4BB5-BCD2-C58EA17A9843}.Debug|iPhoneSimulator.ActiveCfg = Debug|Any CPU
		{659BA92B-6F72-4BB5-BCD2-C58EA17A9843}.Debug|Mixed Platforms.ActiveCfg = Debug|x86
		{659BA92B-6F72-4BB5-BCD2-C58EA17A9843}.Debug|Mixed Platforms.Build.0 = Debug|x86
		{659BA92B-6F72-4BB5-BCD2-C58EA17A9843}.Debug|Mixed Platforms.Deploy.0 = Debug|x86
		{659BA92B-6F72-4BB5-BCD2-C58EA17A9843}.Debug|x64.ActiveCfg = Debug|x64
		{659BA92B-6F72-4BB5-BCD2-C58EA17A9843}.Debug|x64.Build.0 = Debug|x64
		{659BA92B-6F72-4BB5-BCD2-C58EA17A9843}.Debug|x64.Deploy.0 = Debug|x64
		{659BA92B-6F72-4BB5-BCD2-C58EA17A9843}.Debug|x86.ActiveCfg = Debug|x86
		{659BA92B-6F72-4BB5-BCD2-C58EA17A9843}.Debug|x86.Build.0 = Debug|x86
		{659BA92B-6F72-4BB5-BCD2-C58EA17A9843}.Debug|x86.Deploy.0 = Debug|x86
		{659BA92B-6F72-4BB5-BCD2-C58EA17A9843}.Release|Any CPU.ActiveCfg = Release|Any CPU
		{659BA92B-6F72-4BB5-BCD2-C58EA17A9843}.Release|Any CPU.Build.0 = Release|Any CPU
		{659BA92B-6F72-4BB5-BCD2-C58EA17A9843}.Release|Any CPU.Deploy.0 = Release|Any CPU
		{659BA92B-6F72-4BB5-BCD2-C58EA17A9843}.Release|ARM.ActiveCfg = Release|ARM
		{659BA92B-6F72-4BB5-BCD2-C58EA17A9843}.Release|ARM.Build.0 = Release|ARM
		{659BA92B-6F72-4BB5-BCD2-C58EA17A9843}.Release|ARM.Deploy.0 = Release|ARM
		{659BA92B-6F72-4BB5-BCD2-C58EA17A9843}.Release|iPhone.ActiveCfg = Release|Any CPU
		{659BA92B-6F72-4BB5-BCD2-C58EA17A9843}.Release|iPhoneSimulator.ActiveCfg = Release|Any CPU
		{659BA92B-6F72-4BB5-BCD2-C58EA17A9843}.Release|Mixed Platforms.ActiveCfg = Release|x86
		{659BA92B-6F72-4BB5-BCD2-C58EA17A9843}.Release|Mixed Platforms.Build.0 = Release|x86
		{659BA92B-6F72-4BB5-BCD2-C58EA17A9843}.Release|Mixed Platforms.Deploy.0 = Release|x86
		{659BA92B-6F72-4BB5-BCD2-C58EA17A9843}.Release|x64.ActiveCfg = Release|x64
		{659BA92B-6F72-4BB5-BCD2-C58EA17A9843}.Release|x64.Build.0 = Release|x64
		{659BA92B-6F72-4BB5-BCD2-C58EA17A9843}.Release|x64.Deploy.0 = Release|x64
		{659BA92B-6F72-4BB5-BCD2-C58EA17A9843}.Release|x86.ActiveCfg = Release|x86
		{659BA92B-6F72-4BB5-BCD2-C58EA17A9843}.Release|x86.Build.0 = Release|x86
		{659BA92B-6F72-4BB5-BCD2-C58EA17A9843}.Release|x86.Deploy.0 = Release|x86
		{C6788B45-F6B4-44AE-9F75-D339DA904615}.Ad-Hoc|Any CPU.ActiveCfg = Release|Any CPU
		{C6788B45-F6B4-44AE-9F75-D339DA904615}.Ad-Hoc|Any CPU.Build.0 = Release|Any CPU
		{C6788B45-F6B4-44AE-9F75-D339DA904615}.Ad-Hoc|ARM.ActiveCfg = Release|Any CPU
		{C6788B45-F6B4-44AE-9F75-D339DA904615}.Ad-Hoc|iPhone.ActiveCfg = Release|Any CPU
		{C6788B45-F6B4-44AE-9F75-D339DA904615}.Ad-Hoc|iPhoneSimulator.ActiveCfg = Release|Any CPU
		{C6788B45-F6B4-44AE-9F75-D339DA904615}.Ad-Hoc|Mixed Platforms.ActiveCfg = Release|Any CPU
		{C6788B45-F6B4-44AE-9F75-D339DA904615}.Ad-Hoc|Mixed Platforms.Build.0 = Release|Any CPU
		{C6788B45-F6B4-44AE-9F75-D339DA904615}.Ad-Hoc|x64.ActiveCfg = Release|Any CPU
		{C6788B45-F6B4-44AE-9F75-D339DA904615}.Ad-Hoc|x86.ActiveCfg = Release|Any CPU
		{C6788B45-F6B4-44AE-9F75-D339DA904615}.AppStore|Any CPU.ActiveCfg = Release|Any CPU
		{C6788B45-F6B4-44AE-9F75-D339DA904615}.AppStore|Any CPU.Build.0 = Release|Any CPU
		{C6788B45-F6B4-44AE-9F75-D339DA904615}.AppStore|ARM.ActiveCfg = Release|Any CPU
		{C6788B45-F6B4-44AE-9F75-D339DA904615}.AppStore|iPhone.ActiveCfg = Release|Any CPU
		{C6788B45-F6B4-44AE-9F75-D339DA904615}.AppStore|iPhoneSimulator.ActiveCfg = Release|Any CPU
		{C6788B45-F6B4-44AE-9F75-D339DA904615}.AppStore|Mixed Platforms.ActiveCfg = Release|Any CPU
		{C6788B45-F6B4-44AE-9F75-D339DA904615}.AppStore|Mixed Platforms.Build.0 = Release|Any CPU
		{C6788B45-F6B4-44AE-9F75-D339DA904615}.AppStore|x64.ActiveCfg = Release|Any CPU
		{C6788B45-F6B4-44AE-9F75-D339DA904615}.AppStore|x86.ActiveCfg = Release|Any CPU
		{C6788B45-F6B4-44AE-9F75-D339DA904615}.Debug|Any CPU.ActiveCfg = Debug|Any CPU
		{C6788B45-F6B4-44AE-9F75-D339DA904615}.Debug|Any CPU.Build.0 = Debug|Any CPU
		{C6788B45-F6B4-44AE-9F75-D339DA904615}.Debug|ARM.ActiveCfg = Debug|Any CPU
		{C6788B45-F6B4-44AE-9F75-D339DA904615}.Debug|iPhone.ActiveCfg = Debug|Any CPU
		{C6788B45-F6B4-44AE-9F75-D339DA904615}.Debug|iPhoneSimulator.ActiveCfg = Debug|Any CPU
		{C6788B45-F6B4-44AE-9F75-D339DA904615}.Debug|Mixed Platforms.ActiveCfg = Debug|Any CPU
		{C6788B45-F6B4-44AE-9F75-D339DA904615}.Debug|Mixed Platforms.Build.0 = Debug|Any CPU
		{C6788B45-F6B4-44AE-9F75-D339DA904615}.Debug|x64.ActiveCfg = Debug|Any CPU
		{C6788B45-F6B4-44AE-9F75-D339DA904615}.Debug|x86.ActiveCfg = Debug|Any CPU
		{C6788B45-F6B4-44AE-9F75-D339DA904615}.Release|Any CPU.ActiveCfg = Release|Any CPU
		{C6788B45-F6B4-44AE-9F75-D339DA904615}.Release|Any CPU.Build.0 = Release|Any CPU
		{C6788B45-F6B4-44AE-9F75-D339DA904615}.Release|ARM.ActiveCfg = Release|Any CPU
		{C6788B45-F6B4-44AE-9F75-D339DA904615}.Release|iPhone.ActiveCfg = Release|Any CPU
		{C6788B45-F6B4-44AE-9F75-D339DA904615}.Release|iPhoneSimulator.ActiveCfg = Release|Any CPU
		{C6788B45-F6B4-44AE-9F75-D339DA904615}.Release|Mixed Platforms.ActiveCfg = Release|Any CPU
		{C6788B45-F6B4-44AE-9F75-D339DA904615}.Release|Mixed Platforms.Build.0 = Release|Any CPU
		{C6788B45-F6B4-44AE-9F75-D339DA904615}.Release|x64.ActiveCfg = Release|Any CPU
		{C6788B45-F6B4-44AE-9F75-D339DA904615}.Release|x86.ActiveCfg = Release|Any CPU
	EndGlobalSection
	GlobalSection(SolutionProperties) = preSolution
		HideSolutionNode = FALSE
	EndGlobalSection
EndGlobal
